// !$*UTF8*$!
{
	archiveVersion = 1;
	classes = {
	};
	objectVersion = 46;
	objects = {

/* Begin PBXBuildFile section */
		26CB75651E2D43B60040C4A6 /* BinaryHelper.swift in Sources */ = {isa = PBXBuildFile; fileRef = 26CB75611E2D43B60040C4A6 /* BinaryHelper.swift */; };
		26CB75661E2D43B60040C4A6 /* EmbPattern.swift in Sources */ = {isa = PBXBuildFile; fileRef = 26CB75621E2D43B60040C4A6 /* EmbPattern.swift */; };
		26CB75671E2D43B60040C4A6 /* FormatExp.swift in Sources */ = {isa = PBXBuildFile; fileRef = 26CB75631E2D43B60040C4A6 /* FormatExp.swift */; };
		26CB75681E2D43B60040C4A6 /* StitchType.swift in Sources */ = {isa = PBXBuildFile; fileRef = 26CB75641E2D43B60040C4A6 /* StitchType.swift */; };
		26CB756A1E2D49D00040C4A6 /* FormatPcs.swift in Sources */ = {isa = PBXBuildFile; fileRef = 26CB75691E2D49D00040C4A6 /* FormatPcs.swift */; };
		26FCE1A51E31D0D300E33243 /* InMemoryFile.swift in Sources */ = {isa = PBXBuildFile; fileRef = 26FCE1A41E31D0D300E33243 /* InMemoryFile.swift */; };
		26FCE1A71E31D8EE00E33243 /* FormatProtocol.swift in Sources */ = {isa = PBXBuildFile; fileRef = 26FCE1A61E31D8EE00E33243 /* FormatProtocol.swift */; };
		26FCE1A91E31DF9300E33243 /* FormatPec.swift in Sources */ = {isa = PBXBuildFile; fileRef = 26FCE1A81E31DF9300E33243 /* FormatPec.swift */; };
		26FCE1AB1E31ED6C00E33243 /* FormatPes.swift in Sources */ = {isa = PBXBuildFile; fileRef = 26FCE1AA1E31ED6C00E33243 /* FormatPes.swift */; };
		26FCE1AD1E31F6E900E33243 /* UIColorExtension.swift in Sources */ = {isa = PBXBuildFile; fileRef = 26FCE1AC1E31F6E900E33243 /* UIColorExtension.swift */; };
		337030B31E2AD885005A0F18 /* AppDelegate.swift in Sources */ = {isa = PBXBuildFile; fileRef = 337030B21E2AD885005A0F18 /* AppDelegate.swift */; };
		337030B51E2AD885005A0F18 /* EmbroideryViewController.swift in Sources */ = {isa = PBXBuildFile; fileRef = 337030B41E2AD885005A0F18 /* EmbroideryViewController.swift */; };
		337030B81E2AD885005A0F18 /* Main.storyboard in Resources */ = {isa = PBXBuildFile; fileRef = 337030B61E2AD885005A0F18 /* Main.storyboard */; };
		337030BA1E2AD885005A0F18 /* Assets.xcassets in Resources */ = {isa = PBXBuildFile; fileRef = 337030B91E2AD885005A0F18 /* Assets.xcassets */; };
		337030BD1E2AD885005A0F18 /* LaunchScreen.storyboard in Resources */ = {isa = PBXBuildFile; fileRef = 337030BB1E2AD885005A0F18 /* LaunchScreen.storyboard */; };
		337030C61E2AD8D1005A0F18 /* StitchBlock.swift in Sources */ = {isa = PBXBuildFile; fileRef = 337030C51E2AD8D1005A0F18 /* StitchBlock.swift */; };
		337030C81E2B0C74005A0F18 /* StitchView.swift in Sources */ = {isa = PBXBuildFile; fileRef = 337030C71E2B0C74005A0F18 /* StitchView.swift */; };
/* End PBXBuildFile section */

/* Begin PBXFileReference section */
		26CB75611E2D43B60040C4A6 /* BinaryHelper.swift */ = {isa = PBXFileReference; fileEncoding = 4; lastKnownFileType = sourcecode.swift; path = BinaryHelper.swift; sourceTree = "<group>"; };
		26CB75621E2D43B60040C4A6 /* EmbPattern.swift */ = {isa = PBXFileReference; fileEncoding = 4; lastKnownFileType = sourcecode.swift; path = EmbPattern.swift; sourceTree = "<group>"; };
		26CB75631E2D43B60040C4A6 /* FormatExp.swift */ = {isa = PBXFileReference; fileEncoding = 4; lastKnownFileType = sourcecode.swift; path = FormatExp.swift; sourceTree = "<group>"; };
		26CB75641E2D43B60040C4A6 /* StitchType.swift */ = {isa = PBXFileReference; fileEncoding = 4; lastKnownFileType = sourcecode.swift; path = StitchType.swift; sourceTree = "<group>"; };
		26CB75691E2D49D00040C4A6 /* FormatPcs.swift */ = {isa = PBXFileReference; fileEncoding = 4; lastKnownFileType = sourcecode.swift; path = FormatPcs.swift; sourceTree = "<group>"; };
		26FCE1A41E31D0D300E33243 /* InMemoryFile.swift */ = {isa = PBXFileReference; fileEncoding = 4; lastKnownFileType = sourcecode.swift; path = InMemoryFile.swift; sourceTree = "<group>"; };
		26FCE1A61E31D8EE00E33243 /* FormatProtocol.swift */ = {isa = PBXFileReference; fileEncoding = 4; lastKnownFileType = sourcecode.swift; path = FormatProtocol.swift; sourceTree = "<group>"; };
		26FCE1A81E31DF9300E33243 /* FormatPec.swift */ = {isa = PBXFileReference; fileEncoding = 4; lastKnownFileType = sourcecode.swift; path = FormatPec.swift; sourceTree = "<group>"; };
		26FCE1AA1E31ED6C00E33243 /* FormatPes.swift */ = {isa = PBXFileReference; fileEncoding = 4; lastKnownFileType = sourcecode.swift; path = FormatPes.swift; sourceTree = "<group>"; };
		26FCE1AC1E31F6E900E33243 /* UIColorExtension.swift */ = {isa = PBXFileReference; fileEncoding = 4; lastKnownFileType = sourcecode.swift; path = UIColorExtension.swift; sourceTree = "<group>"; };
		337030AF1E2AD885005A0F18 /* EmbroideryProto.app */ = {isa = PBXFileReference; explicitFileType = wrapper.application; includeInIndex = 0; path = EmbroideryProto.app; sourceTree = BUILT_PRODUCTS_DIR; };
		337030B21E2AD885005A0F18 /* AppDelegate.swift */ = {isa = PBXFileReference; lastKnownFileType = sourcecode.swift; path = AppDelegate.swift; sourceTree = "<group>"; };
		337030B41E2AD885005A0F18 /* EmbroideryViewController.swift */ = {isa = PBXFileReference; lastKnownFileType = sourcecode.swift; path = EmbroideryViewController.swift; sourceTree = "<group>"; };
		337030B71E2AD885005A0F18 /* Base */ = {isa = PBXFileReference; lastKnownFileType = file.storyboard; name = Base; path = Base.lproj/Main.storyboard; sourceTree = "<group>"; };
		337030B91E2AD885005A0F18 /* Assets.xcassets */ = {isa = PBXFileReference; lastKnownFileType = folder.assetcatalog; path = Assets.xcassets; sourceTree = "<group>"; };
		337030BC1E2AD885005A0F18 /* Base */ = {isa = PBXFileReference; lastKnownFileType = file.storyboard; name = Base; path = Base.lproj/LaunchScreen.storyboard; sourceTree = "<group>"; };
		337030BE1E2AD885005A0F18 /* Info.plist */ = {isa = PBXFileReference; lastKnownFileType = text.plist.xml; path = Info.plist; sourceTree = "<group>"; };
		337030C51E2AD8D1005A0F18 /* StitchBlock.swift */ = {isa = PBXFileReference; fileEncoding = 4; lastKnownFileType = sourcecode.swift; path = StitchBlock.swift; sourceTree = "<group>"; };
		337030C71E2B0C74005A0F18 /* StitchView.swift */ = {isa = PBXFileReference; fileEncoding = 4; lastKnownFileType = sourcecode.swift; path = StitchView.swift; sourceTree = "<group>"; };
/* End PBXFileReference section */

/* Begin PBXFrameworksBuildPhase section */
		337030AC1E2AD885005A0F18 /* Frameworks */ = {
			isa = PBXFrameworksBuildPhase;
			buildActionMask = 2147483647;
			files = (
			);
			runOnlyForDeploymentPostprocessing = 0;
		};
/* End PBXFrameworksBuildPhase section */

/* Begin PBXGroup section */
		337030A61E2AD885005A0F18 = {
			isa = PBXGroup;
			children = (
				337030B11E2AD885005A0F18 /* EmbroideryProto */,
				337030B01E2AD885005A0F18 /* Products */,
			);
			sourceTree = "<group>";
		};
		337030B01E2AD885005A0F18 /* Products */ = {
			isa = PBXGroup;
			children = (
				337030AF1E2AD885005A0F18 /* EmbroideryProto.app */,
			);
			name = Products;
			sourceTree = "<group>";
		};
		337030B11E2AD885005A0F18 /* EmbroideryProto */ = {
			isa = PBXGroup;
			children = (
				26CB75611E2D43B60040C4A6 /* BinaryHelper.swift */,
				26CB75621E2D43B60040C4A6 /* EmbPattern.swift */,
				26CB75631E2D43B60040C4A6 /* FormatExp.swift */,
				26CB75641E2D43B60040C4A6 /* StitchType.swift */,
				337030B41E2AD885005A0F18 /* EmbroideryViewController.swift */,
				337030C51E2AD8D1005A0F18 /* StitchBlock.swift */,
				337030C71E2B0C74005A0F18 /* StitchView.swift */,
				337030B61E2AD885005A0F18 /* Main.storyboard */,
				337030C41E2AD8A7005A0F18 /* Supporting Files */,
				26CB75691E2D49D00040C4A6 /* FormatPcs.swift */,
				26FCE1A41E31D0D300E33243 /* InMemoryFile.swift */,
				26FCE1A61E31D8EE00E33243 /* FormatProtocol.swift */,
				26FCE1A81E31DF9300E33243 /* FormatPec.swift */,
				26FCE1AA1E31ED6C00E33243 /* FormatPes.swift */,
				26FCE1AC1E31F6E900E33243 /* UIColorExtension.swift */,
			);
			path = EmbroideryProto;
			sourceTree = "<group>";
		};
		337030C41E2AD8A7005A0F18 /* Supporting Files */ = {
			isa = PBXGroup;
			children = (
				337030B21E2AD885005A0F18 /* AppDelegate.swift */,
				337030B91E2AD885005A0F18 /* Assets.xcassets */,
				337030BB1E2AD885005A0F18 /* LaunchScreen.storyboard */,
				337030BE1E2AD885005A0F18 /* Info.plist */,
			);
			name = "Supporting Files";
			sourceTree = "<group>";
		};
/* End PBXGroup section */

/* Begin PBXNativeTarget section */
		337030AE1E2AD885005A0F18 /* EmbroideryProto */ = {
			isa = PBXNativeTarget;
			buildConfigurationList = 337030C11E2AD885005A0F18 /* Build configuration list for PBXNativeTarget "EmbroideryProto" */;
			buildPhases = (
				337030AB1E2AD885005A0F18 /* Sources */,
				337030AC1E2AD885005A0F18 /* Frameworks */,
				337030AD1E2AD885005A0F18 /* Resources */,
			);
			buildRules = (
			);
			dependencies = (
			);
			name = EmbroideryProto;
			productName = EmbroideryProto;
			productReference = 337030AF1E2AD885005A0F18 /* EmbroideryProto.app */;
			productType = "com.apple.product-type.application";
		};
/* End PBXNativeTarget section */

/* Begin PBXProject section */
		337030A71E2AD885005A0F18 /* Project object */ = {
			isa = PBXProject;
			attributes = {
				LastSwiftUpdateCheck = 0820;
				LastUpgradeCheck = 1250;
				ORGANIZATIONNAME = "Mark Siffer";
				TargetAttributes = {
					337030AE1E2AD885005A0F18 = {
						CreatedOnToolsVersion = 8.2.1;
						DevelopmentTeam = 5QH92U8E5F;
						ProvisioningStyle = Automatic;
					};
				};
			};
			buildConfigurationList = 337030AA1E2AD885005A0F18 /* Build configuration list for PBXProject "EmbroideryProto" */;
			compatibilityVersion = "Xcode 3.2";
			developmentRegion = English;
			hasScannedForEncodings = 0;
			knownRegions = (
				English,
				en,
				Base,
			);
			mainGroup = 337030A61E2AD885005A0F18;
			productRefGroup = 337030B01E2AD885005A0F18 /* Products */;
			projectDirPath = "";
			projectRoot = "";
			targets = (
				337030AE1E2AD885005A0F18 /* EmbroideryProto */,
			);
		};
/* End PBXProject section */

/* Begin PBXResourcesBuildPhase section */
		337030AD1E2AD885005A0F18 /* Resources */ = {
			isa = PBXResourcesBuildPhase;
			buildActionMask = 2147483647;
			files = (
				337030BD1E2AD885005A0F18 /* LaunchScreen.storyboard in Resources */,
				337030BA1E2AD885005A0F18 /* Assets.xcassets in Resources */,
				337030B81E2AD885005A0F18 /* Main.storyboard in Resources */,
			);
			runOnlyForDeploymentPostprocessing = 0;
		};
/* End PBXResourcesBuildPhase section */

/* Begin PBXSourcesBuildPhase section */
		337030AB1E2AD885005A0F18 /* Sources */ = {
			isa = PBXSourcesBuildPhase;
			buildActionMask = 2147483647;
			files = (
				337030B51E2AD885005A0F18 /* EmbroideryViewController.swift in Sources */,
				26FCE1AD1E31F6E900E33243 /* UIColorExtension.swift in Sources */,
				26CB75661E2D43B60040C4A6 /* EmbPattern.swift in Sources */,
				337030C81E2B0C74005A0F18 /* StitchView.swift in Sources */,
				26FCE1AB1E31ED6C00E33243 /* FormatPes.swift in Sources */,
				26FCE1A91E31DF9300E33243 /* FormatPec.swift in Sources */,
				26FCE1A51E31D0D300E33243 /* InMemoryFile.swift in Sources */,
				26CB75671E2D43B60040C4A6 /* FormatExp.swift in Sources */,
				26CB75681E2D43B60040C4A6 /* StitchType.swift in Sources */,
				26CB756A1E2D49D00040C4A6 /* FormatPcs.swift in Sources */,
				26FCE1A71E31D8EE00E33243 /* FormatProtocol.swift in Sources */,
				26CB75651E2D43B60040C4A6 /* BinaryHelper.swift in Sources */,
				337030C61E2AD8D1005A0F18 /* StitchBlock.swift in Sources */,
				337030B31E2AD885005A0F18 /* AppDelegate.swift in Sources */,
			);
			runOnlyForDeploymentPostprocessing = 0;
		};
/* End PBXSourcesBuildPhase section */

/* Begin PBXVariantGroup section */
		337030B61E2AD885005A0F18 /* Main.storyboard */ = {
			isa = PBXVariantGroup;
			children = (
				337030B71E2AD885005A0F18 /* Base */,
			);
			name = Main.storyboard;
			sourceTree = "<group>";
		};
		337030BB1E2AD885005A0F18 /* LaunchScreen.storyboard */ = {
			isa = PBXVariantGroup;
			children = (
				337030BC1E2AD885005A0F18 /* Base */,
			);
			name = LaunchScreen.storyboard;
			sourceTree = "<group>";
		};
/* End PBXVariantGroup section */

/* Begin XCBuildConfiguration section */
		337030BF1E2AD885005A0F18 /* Debug */ = {
			isa = XCBuildConfiguration;
			buildSettings = {
				ALWAYS_SEARCH_USER_PATHS = NO;
				CLANG_ANALYZER_LOCALIZABILITY_NONLOCALIZED = YES;
				CLANG_ANALYZER_NONNULL = YES;
				CLANG_CXX_LANGUAGE_STANDARD = "gnu++0x";
				CLANG_CXX_LIBRARY = "libc++";
				CLANG_ENABLE_MODULES = YES;
				CLANG_ENABLE_OBJC_ARC = YES;
				CLANG_WARN_BLOCK_CAPTURE_AUTORELEASING = YES;
				CLANG_WARN_BOOL_CONVERSION = YES;
				CLANG_WARN_COMMA = YES;
				CLANG_WARN_CONSTANT_CONVERSION = YES;
				CLANG_WARN_DEPRECATED_OBJC_IMPLEMENTATIONS = YES;
				CLANG_WARN_DIRECT_OBJC_ISA_USAGE = YES_ERROR;
				CLANG_WARN_DOCUMENTATION_COMMENTS = YES;
				CLANG_WARN_EMPTY_BODY = YES;
				CLANG_WARN_ENUM_CONVERSION = YES;
				CLANG_WARN_INFINITE_RECURSION = YES;
				CLANG_WARN_INT_CONVERSION = YES;
				CLANG_WARN_NON_LITERAL_NULL_CONVERSION = YES;
				CLANG_WARN_OBJC_IMPLICIT_RETAIN_SELF = YES;
				CLANG_WARN_OBJC_LITERAL_CONVERSION = YES;
				CLANG_WARN_OBJC_ROOT_CLASS = YES_ERROR;
				CLANG_WARN_QUOTED_INCLUDE_IN_FRAMEWORK_HEADER = YES;
				CLANG_WARN_RANGE_LOOP_ANALYSIS = YES;
				CLANG_WARN_STRICT_PROTOTYPES = YES;
				CLANG_WARN_SUSPICIOUS_MOVE = YES;
				CLANG_WARN_UNREACHABLE_CODE = YES;
				CLANG_WARN__DUPLICATE_METHOD_MATCH = YES;
				"CODE_SIGN_IDENTITY[sdk=iphoneos*]" = "iPhone Developer";
				COPY_PHASE_STRIP = NO;
				DEBUG_INFORMATION_FORMAT = dwarf;
				ENABLE_STRICT_OBJC_MSGSEND = YES;
				ENABLE_TESTABILITY = YES;
				GCC_C_LANGUAGE_STANDARD = gnu99;
				GCC_DYNAMIC_NO_PIC = NO;
				GCC_NO_COMMON_BLOCKS = YES;
				GCC_OPTIMIZATION_LEVEL = 0;
				GCC_PREPROCESSOR_DEFINITIONS = (
					"DEBUG=1",
					"$(inherited)",
				);
				GCC_WARN_64_TO_32_BIT_CONVERSION = YES;
				GCC_WARN_ABOUT_RETURN_TYPE = YES_ERROR;
				GCC_WARN_UNDECLARED_SELECTOR = YES;
				GCC_WARN_UNINITIALIZED_AUTOS = YES_AGGRESSIVE;
				GCC_WARN_UNUSED_FUNCTION = YES;
				GCC_WARN_UNUSED_VARIABLE = YES;
				IPHONEOS_DEPLOYMENT_TARGET = 12.0;
				MTL_ENABLE_DEBUG_INFO = YES;
				ONLY_ACTIVE_ARCH = YES;
				SDKROOT = iphoneos;
				SWIFT_ACTIVE_COMPILATION_CONDITIONS = DEBUG;
				SWIFT_OPTIMIZATION_LEVEL = "-Onone";
				TARGETED_DEVICE_FAMILY = "1,2";
			};
			name = Debug;
		};
		337030C01E2AD885005A0F18 /* Release */ = {
			isa = XCBuildConfiguration;
			buildSettings = {
				ALWAYS_SEARCH_USER_PATHS = NO;
				CLANG_ANALYZER_LOCALIZABILITY_NONLOCALIZED = YES;
				CLANG_ANALYZER_NONNULL = YES;
				CLANG_CXX_LANGUAGE_STANDARD = "gnu++0x";
				CLANG_CXX_LIBRARY = "libc++";
				CLANG_ENABLE_MODULES = YES;
				CLANG_ENABLE_OBJC_ARC = YES;
				CLANG_WARN_BLOCK_CAPTURE_AUTORELEASING = YES;
				CLANG_WARN_BOOL_CONVERSION = YES;
				CLANG_WARN_COMMA = YES;
				CLANG_WARN_CONSTANT_CONVERSION = YES;
				CLANG_WARN_DEPRECATED_OBJC_IMPLEMENTATIONS = YES;
				CLANG_WARN_DIRECT_OBJC_ISA_USAGE = YES_ERROR;
				CLANG_WARN_DOCUMENTATION_COMMENTS = YES;
				CLANG_WARN_EMPTY_BODY = YES;
				CLANG_WARN_ENUM_CONVERSION = YES;
				CLANG_WARN_INFINITE_RECURSION = YES;
				CLANG_WARN_INT_CONVERSION = YES;
				CLANG_WARN_NON_LITERAL_NULL_CONVERSION = YES;
				CLANG_WARN_OBJC_IMPLICIT_RETAIN_SELF = YES;
				CLANG_WARN_OBJC_LITERAL_CONVERSION = YES;
				CLANG_WARN_OBJC_ROOT_CLASS = YES_ERROR;
				CLANG_WARN_QUOTED_INCLUDE_IN_FRAMEWORK_HEADER = YES;
				CLANG_WARN_RANGE_LOOP_ANALYSIS = YES;
				CLANG_WARN_STRICT_PROTOTYPES = YES;
				CLANG_WARN_SUSPICIOUS_MOVE = YES;
				CLANG_WARN_UNREACHABLE_CODE = YES;
				CLANG_WARN__DUPLICATE_METHOD_MATCH = YES;
				"CODE_SIGN_IDENTITY[sdk=iphoneos*]" = "iPhone Developer";
				COPY_PHASE_STRIP = NO;
				DEBUG_INFORMATION_FORMAT = "dwarf-with-dsym";
				ENABLE_NS_ASSERTIONS = NO;
				ENABLE_STRICT_OBJC_MSGSEND = YES;
				GCC_C_LANGUAGE_STANDARD = gnu99;
				GCC_NO_COMMON_BLOCKS = YES;
				GCC_WARN_64_TO_32_BIT_CONVERSION = YES;
				GCC_WARN_ABOUT_RETURN_TYPE = YES_ERROR;
				GCC_WARN_UNDECLARED_SELECTOR = YES;
				GCC_WARN_UNINITIALIZED_AUTOS = YES_AGGRESSIVE;
				GCC_WARN_UNUSED_FUNCTION = YES;
				GCC_WARN_UNUSED_VARIABLE = YES;
				IPHONEOS_DEPLOYMENT_TARGET = 12.0;
				MTL_ENABLE_DEBUG_INFO = NO;
				SDKROOT = iphoneos;
				SWIFT_OPTIMIZATION_LEVEL = "-Owholemodule";
				TARGETED_DEVICE_FAMILY = "1,2";
				VALIDATE_PRODUCT = YES;
			};
			name = Release;
		};
		337030C21E2AD885005A0F18 /* Debug */ = {
			isa = XCBuildConfiguration;
			buildSettings = {
				ASSETCATALOG_COMPILER_APPICON_NAME = AppIcon;
				DEVELOPMENT_TEAM = 5QH92U8E5F;
				INFOPLIST_FILE = EmbroideryProto/Info.plist;
				LD_RUNPATH_SEARCH_PATHS = "$(inherited) @executable_path/Frameworks";
				PRODUCT_BUNDLE_IDENTIFIER = marksiffer.EmbroideryProto;
				PRODUCT_NAME = "$(TARGET_NAME)";
				SWIFT_VERSION = 5.0;
			};
			name = Debug;
		};
		337030C31E2AD885005A0F18 /* Release */ = {
			isa = XCBuildConfiguration;
			buildSettings = {
				ASSETCATALOG_COMPILER_APPICON_NAME = AppIcon;
				DEVELOPMENT_TEAM = 5QH92U8E5F;
				INFOPLIST_FILE = EmbroideryProto/Info.plist;
				LD_RUNPATH_SEARCH_PATHS = "$(inherited) @executable_path/Frameworks";
				PRODUCT_BUNDLE_IDENTIFIER = marksiffer.EmbroideryProto;
				PRODUCT_NAME = "$(TARGET_NAME)";
				SWIFT_VERSION = 5.0;
			};
			name = Release;
		};
/* End XCBuildConfiguration section */

/* Begin XCConfigurationList section */
		337030AA1E2AD885005A0F18 /* Build configuration list for PBXProject "EmbroideryProto" */ = {
			isa = XCConfigurationList;
			buildConfigurations = (
				337030BF1E2AD885005A0F18 /* Debug */,
				337030C01E2AD885005A0F18 /* Release */,
			);
			defaultConfigurationIsVisible = 0;
			defaultConfigurationName = Release;
		};
		337030C11E2AD885005A0F18 /* Build configuration list for PBXNativeTarget "EmbroideryProto" */ = {
			isa = XCConfigurationList;
			buildConfigurations = (
				337030C21E2AD885005A0F18 /* Debug */,
				337030C31E2AD885005A0F18 /* Release */,
			);
			defaultConfigurationIsVisible = 0;
			defaultConfigurationName = Release;
		};
/* End XCConfigurationList section */
	};
	rootObject = 337030A71E2AD885005A0F18 /* Project object */;
}
